// !$*UTF8*$!
{
	archiveVersion = 1;
	classes = {
	};
	objectVersion = 77;
	objects = {

/* Begin PBXBuildFile section */
		0D8E435B05E5727EFF183AD2 /* AppRelauncher.swift in Sources */ = {isa = PBXBuildFile; fileRef = 67509A81925C56DFBF535D36 /* AppRelauncher.swift */; };
		172787729EA1EC1858A2701F /* ThumbnailStore.swift in Sources */ = {isa = PBXBuildFile; fileRef = 77B72D15FC17ECF7FE798EA1 /* ThumbnailStore.swift */; };
		1A06212A55CD2A1A255BB8D0 /* MissionControlService.swift in Sources */ = {isa = PBXBuildFile; fileRef = 3C51D6E89BE60C3B684F85E8 /* MissionControlService.swift */; };
		1CC29228ED5D2FFBCB78D8DB /* SettingsView.swift in Sources */ = {isa = PBXBuildFile; fileRef = 6359D40E4C7E242025F75723 /* SettingsView.swift */; };
		1EC90A736D9CF45F2430B1FB /* MenuBarController.swift in Sources */ = {isa = PBXBuildFile; fileRef = 4ACF8B52CEA387665BE61DAF /* MenuBarController.swift */; };
		2C1A2A57F63816AC28FF3F81 /* PermissionService.swift in Sources */ = {isa = PBXBuildFile; fileRef = 7B28030487776378B0A30828 /* PermissionService.swift */; };
		3369949D8F0EE4FBC1CB7EBF /* MenuBarViewModel.swift in Sources */ = {isa = PBXBuildFile; fileRef = 5E6146540D4435868FCE474E /* MenuBarViewModel.swift */; };
		458BB8D3D303A8E834632C5B /* NameBannerView.swift in Sources */ = {isa = PBXBuildFile; fileRef = 377E1A5D62CC7782337AB068 /* NameBannerView.swift */; };
		4B11DD1519848DC034C1E211 /* LineLayout.swift in Sources */ = {isa = PBXBuildFile; fileRef = 1671DB6288B6FADC375B2343 /* LineLayout.swift */; };
		5F7CE50C5442863E0FA3CF0D /* iDeskApp.swift in Sources */ = {isa = PBXBuildFile; fileRef = DB8D15CF07984CFF51C1D0C6 /* iDeskApp.swift */; };
		66D439936390E9376A1D78D6 /* LineDecor.swift in Sources */ = {isa = PBXBuildFile; fileRef = 6EAE7A3F3FCF61BD75C50ADF /* LineDecor.swift */; };
		6A985B32960FAFADF42BF9E6 /* DesktopSpace.swift in Sources */ = {isa = PBXBuildFile; fileRef = F1DDF90AE317E1D96B4B547D /* DesktopSpace.swift */; };
		6C89CDAC44EF17C6114F4BBC /* SpaceService.swift in Sources */ = {isa = PBXBuildFile; fileRef = 43927FE3C0CB0FBE9E292467 /* SpaceService.swift */; };
		83D981BD4BECF181F4F48DEA /* AppSettings.swift in Sources */ = {isa = PBXBuildFile; fileRef = BF5FD985F10B41981F5095AD /* AppSettings.swift */; };
		8B4CF171517EEB3A685A48A7 /* NameBannerWindowController.swift in Sources */ = {isa = PBXBuildFile; fileRef = 2F869D4D4B269404C5B7F392 /* NameBannerWindowController.swift */; };
		8C3378B4D44C278763B23B03 /* AppEnvironment.swift in Sources */ = {isa = PBXBuildFile; fileRef = 79027971B93E930B448E9274 /* AppEnvironment.swift */; };
		8C51F456BC4F103147F30C52 /* SettingsWindowController.swift in Sources */ = {isa = PBXBuildFile; fileRef = 7F2D74D5633F32CA5D62D96D /* SettingsWindowController.swift */; };
		9602A8000FBDADE74455F7FD /* HangingDesktop.swift in Sources */ = {isa = PBXBuildFile; fileRef = 9E0AA044D9D15F9D4099FB72 /* HangingDesktop.swift */; };
		9C3C46D6E7B1962BB0B42628 /* AppLanguage.swift in Sources */ = {isa = PBXBuildFile; fileRef = A9896F293510698889F9EAE8 /* AppLanguage.swift */; };
		9E268212CA56D686C59EE497 /* SpaceSwitcher.swift in Sources */ = {isa = PBXBuildFile; fileRef = 69D87198D39E012F2F7757F9 /* SpaceSwitcher.swift */; };
		A6D0ED322CA7D4B0D648C12E /* AlertDialogs.swift in Sources */ = {isa = PBXBuildFile; fileRef = 63F4806F3926ACEC02661CDE /* AlertDialogs.swift */; };
		A793F5D1A0653FA0F39596AC /* DesktopLineView.swift in Sources */ = {isa = PBXBuildFile; fileRef = A06F0A0E3CFCB0C9738DA0C5 /* DesktopLineView.swift */; };
		B4D873450792455F08E603F5 /* DisplayArrangement.swift in Sources */ = {isa = PBXBuildFile; fileRef = 981FAEE8E37F1023997C7156 /* DisplayArrangement.swift */; };
		B5BEA68A6D101E8546886778 /* SettingsStore.swift in Sources */ = {isa = PBXBuildFile; fileRef = 81F4C3A8DD042712C1F918C0 /* SettingsStore.swift */; };
		B813B76CE5498A51BECDE857 /* ViewModelTests.swift in Sources */ = {isa = PBXBuildFile; fileRef = D6F78E2987AF4918DF67F5A3 /* ViewModelTests.swift */; };
		BACB1A5F8F9F325854E64B15 /* NameBannerViewModel.swift in Sources */ = {isa = PBXBuildFile; fileRef = 54DFD0C9CBB74CD95CD8E34E /* NameBannerViewModel.swift */; };
		CA8EF01C7E679801D90817F6 /* DesktopLineWindowController.swift in Sources */ = {isa = PBXBuildFile; fileRef = 44FFF9899F5FD1023FC2C30C /* DesktopLineWindowController.swift */; };
		CE38BB3D1BFD02A6ED6579F7 /* SettingsViewModel.swift in Sources */ = {isa = PBXBuildFile; fileRef = 30E7F219245FFB7133C33ED5 /* SettingsViewModel.swift */; };
		D5005F2C12331DB9CA900B15 /* DisplayService.swift in Sources */ = {isa = PBXBuildFile; fileRef = 069A1F228A68152BE101ADB4 /* DisplayService.swift */; };
		D58AD206AC08A34D952E0DBF /* HotkeyService.swift in Sources */ = {isa = PBXBuildFile; fileRef = FC011FC6F6CCFE3A0B41EDD6 /* HotkeyService.swift */; };
		E391A7C856408A51343EAB18 /* Localizable.xcstrings in Resources */ = {isa = PBXBuildFile; fileRef = 01D474CBC54E97564E3D803B /* Localizable.xcstrings */; };
		E69D3E2F027C4FC88F8E7DF7 /* ModelTests.swift in Sources */ = {isa = PBXBuildFile; fileRef = 1D10503EF90AB11B89B40CE2 /* ModelTests.swift */; };
		E6B111D0EF08EBC47CCC9177 /* Assets.xcassets in Resources */ = {isa = PBXBuildFile; fileRef = 1F7F2A056B14AC67F32F907F /* Assets.xcassets */; };
		EA757D56E5EB6D3239805F54 /* DesktopLineViewModel.swift in Sources */ = {isa = PBXBuildFile; fileRef = E797793ED78832AC04E30D5A /* DesktopLineViewModel.swift */; };
		EB7E88C5B5DF8E2448F2D935 /* DialogPresenting.swift in Sources */ = {isa = PBXBuildFile; fileRef = 13D7AD787D50047176F8A372 /* DialogPresenting.swift */; };
		EC7E3D5C82AA0FCAD7834D99 /* DesktopsViewModel.swift in Sources */ = {isa = PBXBuildFile; fileRef = 1AA236B6FFFC9E12BA394FDB /* DesktopsViewModel.swift */; };
		EDEF6078456C48B828BFB83A /* DisplaysViewModel.swift in Sources */ = {isa = PBXBuildFile; fileRef = 3AEFC9ACC223422768344A35 /* DisplaysViewModel.swift */; };
		EE50DAB0B548118B52588F88 /* DisplayTests.swift in Sources */ = {isa = PBXBuildFile; fileRef = 8A7A7E96900E853709BB14A5 /* DisplayTests.swift */; };
		F395388399715D59B5B542C3 /* StyleShotsTests.swift in Sources */ = {isa = PBXBuildFile; fileRef = 8093E45CB3BD34EBA1E7B456 /* StyleShotsTests.swift */; };
		F75A8B6677E94EE6B8BC7102 /* LaunchAtLoginService.swift in Sources */ = {isa = PBXBuildFile; fileRef = 0674A5583CBAAB5520694A27 /* LaunchAtLoginService.swift */; };
/* End PBXBuildFile section */

/* Begin PBXContainerItemProxy section */
		4D93ECE0F2EE8A453B51B864 /* PBXContainerItemProxy */ = {
			isa = PBXContainerItemProxy;
			containerPortal = C9ACCA1A95C6AF8D11234CC3 /* Project object */;
			proxyType = 1;
			remoteGlobalIDString = 713D333F85E2B775F6B50101;
			remoteInfo = iDesk;
		};
/* End PBXContainerItemProxy section */

/* Begin PBXFileReference section */
		01D474CBC54E97564E3D803B /* Localizable.xcstrings */ = {isa = PBXFileReference; lastKnownFileType = text.json.xcstrings; path = Localizable.xcstrings; sourceTree = "<group>"; };
		0674A5583CBAAB5520694A27 /* LaunchAtLoginService.swift */ = {isa = PBXFileReference; lastKnownFileType = sourcecode.swift; path = LaunchAtLoginService.swift; sourceTree = "<group>"; };
		069A1F228A68152BE101ADB4 /* DisplayService.swift */ = {isa = PBXFileReference; lastKnownFileType = sourcecode.swift; path = DisplayService.swift; sourceTree = "<group>"; };
		13D7AD787D50047176F8A372 /* DialogPresenting.swift */ = {isa = PBXFileReference; lastKnownFileType = sourcecode.swift; path = DialogPresenting.swift; sourceTree = "<group>"; };
		1671DB6288B6FADC375B2343 /* LineLayout.swift */ = {isa = PBXFileReference; lastKnownFileType = sourcecode.swift; path = LineLayout.swift; sourceTree = "<group>"; };
		1AA236B6FFFC9E12BA394FDB /* DesktopsViewModel.swift */ = {isa = PBXFileReference; lastKnownFileType = sourcecode.swift; path = DesktopsViewModel.swift; sourceTree = "<group>"; };
		1D10503EF90AB11B89B40CE2 /* ModelTests.swift */ = {isa = PBXFileReference; lastKnownFileType = sourcecode.swift; path = ModelTests.swift; sourceTree = "<group>"; };
		1F7F2A056B14AC67F32F907F /* Assets.xcassets */ = {isa = PBXFileReference; lastKnownFileType = folder.assetcatalog; path = Assets.xcassets; sourceTree = "<group>"; };
		2F869D4D4B269404C5B7F392 /* NameBannerWindowController.swift */ = {isa = PBXFileReference; lastKnownFileType = sourcecode.swift; path = NameBannerWindowController.swift; sourceTree = "<group>"; };
		30E7F219245FFB7133C33ED5 /* SettingsViewModel.swift */ = {isa = PBXFileReference; lastKnownFileType = sourcecode.swift; path = SettingsViewModel.swift; sourceTree = "<group>"; };
		377E1A5D62CC7782337AB068 /* NameBannerView.swift */ = {isa = PBXFileReference; lastKnownFileType = sourcecode.swift; path = NameBannerView.swift; sourceTree = "<group>"; };
		3AEFC9ACC223422768344A35 /* DisplaysViewModel.swift */ = {isa = PBXFileReference; lastKnownFileType = sourcecode.swift; path = DisplaysViewModel.swift; sourceTree = "<group>"; };
		3C51D6E89BE60C3B684F85E8 /* MissionControlService.swift */ = {isa = PBXFileReference; lastKnownFileType = sourcecode.swift; path = MissionControlService.swift; sourceTree = "<group>"; };
		43927FE3C0CB0FBE9E292467 /* SpaceService.swift */ = {isa = PBXFileReference; lastKnownFileType = sourcecode.swift; path = SpaceService.swift; sourceTree = "<group>"; };
		44FFF9899F5FD1023FC2C30C /* DesktopLineWindowController.swift */ = {isa = PBXFileReference; lastKnownFileType = sourcecode.swift; path = DesktopLineWindowController.swift; sourceTree = "<group>"; };
		4ACF8B52CEA387665BE61DAF /* MenuBarController.swift */ = {isa = PBXFileReference; lastKnownFileType = sourcecode.swift; path = MenuBarController.swift; sourceTree = "<group>"; };
		54DFD0C9CBB74CD95CD8E34E /* NameBannerViewModel.swift */ = {isa = PBXFileReference; lastKnownFileType = sourcecode.swift; path = NameBannerViewModel.swift; sourceTree = "<group>"; };
		5E6146540D4435868FCE474E /* MenuBarViewModel.swift */ = {isa = PBXFileReference; lastKnownFileType = sourcecode.swift; path = MenuBarViewModel.swift; sourceTree = "<group>"; };
		6359D40E4C7E242025F75723 /* SettingsView.swift */ = {isa = PBXFileReference; lastKnownFileType = sourcecode.swift; path = SettingsView.swift; sourceTree = "<group>"; };
		63F4806F3926ACEC02661CDE /* AlertDialogs.swift */ = {isa = PBXFileReference; lastKnownFileType = sourcecode.swift; path = AlertDialogs.swift; sourceTree = "<group>"; };
		67509A81925C56DFBF535D36 /* AppRelauncher.swift */ = {isa = PBXFileReference; lastKnownFileType = sourcecode.swift; path = AppRelauncher.swift; sourceTree = "<group>"; };
		69D87198D39E012F2F7757F9 /* SpaceSwitcher.swift */ = {isa = PBXFileReference; lastKnownFileType = sourcecode.swift; path = SpaceSwitcher.swift; sourceTree = "<group>"; };
		6EAE7A3F3FCF61BD75C50ADF /* LineDecor.swift */ = {isa = PBXFileReference; lastKnownFileType = sourcecode.swift; path = LineDecor.swift; sourceTree = "<group>"; };
		77B72D15FC17ECF7FE798EA1 /* ThumbnailStore.swift */ = {isa = PBXFileReference; lastKnownFileType = sourcecode.swift; path = ThumbnailStore.swift; sourceTree = "<group>"; };
		79027971B93E930B448E9274 /* AppEnvironment.swift */ = {isa = PBXFileReference; lastKnownFileType = sourcecode.swift; path = AppEnvironment.swift; sourceTree = "<group>"; };
		7B28030487776378B0A30828 /* PermissionService.swift */ = {isa = PBXFileReference; lastKnownFileType = sourcecode.swift; path = PermissionService.swift; sourceTree = "<group>"; };
		7BCE51EA75804D869422EACA /* iDesk.entitlements */ = {isa = PBXFileReference; lastKnownFileType = text.plist.entitlements; path = iDesk.entitlements; sourceTree = "<group>"; };
		7F2D74D5633F32CA5D62D96D /* SettingsWindowController.swift */ = {isa = PBXFileReference; lastKnownFileType = sourcecode.swift; path = SettingsWindowController.swift; sourceTree = "<group>"; };
		8093E45CB3BD34EBA1E7B456 /* StyleShotsTests.swift */ = {isa = PBXFileReference; lastKnownFileType = sourcecode.swift; path = StyleShotsTests.swift; sourceTree = "<group>"; };
		81F4C3A8DD042712C1F918C0 /* SettingsStore.swift */ = {isa = PBXFileReference; lastKnownFileType = sourcecode.swift; path = SettingsStore.swift; sourceTree = "<group>"; };
		8A7A7E96900E853709BB14A5 /* DisplayTests.swift */ = {isa = PBXFileReference; lastKnownFileType = sourcecode.swift; path = DisplayTests.swift; sourceTree = "<group>"; };
		981FAEE8E37F1023997C7156 /* DisplayArrangement.swift */ = {isa = PBXFileReference; lastKnownFileType = sourcecode.swift; path = DisplayArrangement.swift; sourceTree = "<group>"; };
		9E0AA044D9D15F9D4099FB72 /* HangingDesktop.swift */ = {isa = PBXFileReference; lastKnownFileType = sourcecode.swift; path = HangingDesktop.swift; sourceTree = "<group>"; };
		A06F0A0E3CFCB0C9738DA0C5 /* DesktopLineView.swift */ = {isa = PBXFileReference; lastKnownFileType = sourcecode.swift; path = DesktopLineView.swift; sourceTree = "<group>"; };
		A71BFFBB494638C4A9C7F249 /* iDesk.app */ = {isa = PBXFileReference; explicitFileType = wrapper.application; includeInIndex = 0; path = iDesk.app; sourceTree = BUILT_PRODUCTS_DIR; };
		A9896F293510698889F9EAE8 /* AppLanguage.swift */ = {isa = PBXFileReference; lastKnownFileType = sourcecode.swift; path = AppLanguage.swift; sourceTree = "<group>"; };
		AE6DB8BC75FFCE7684339CA3 /* Info.plist */ = {isa = PBXFileReference; lastKnownFileType = text.plist; path = Info.plist; sourceTree = "<group>"; };
		BF5FD985F10B41981F5095AD /* AppSettings.swift */ = {isa = PBXFileReference; lastKnownFileType = sourcecode.swift; path = AppSettings.swift; sourceTree = "<group>"; };
		D6F78E2987AF4918DF67F5A3 /* ViewModelTests.swift */ = {isa = PBXFileReference; lastKnownFileType = sourcecode.swift; path = ViewModelTests.swift; sourceTree = "<group>"; };
		DB8D15CF07984CFF51C1D0C6 /* iDeskApp.swift */ = {isa = PBXFileReference; lastKnownFileType = sourcecode.swift; path = iDeskApp.swift; sourceTree = "<group>"; };
		E797793ED78832AC04E30D5A /* DesktopLineViewModel.swift */ = {isa = PBXFileReference; lastKnownFileType = sourcecode.swift; path = DesktopLineViewModel.swift; sourceTree = "<group>"; };
		F1DDF90AE317E1D96B4B547D /* DesktopSpace.swift */ = {isa = PBXFileReference; lastKnownFileType = sourcecode.swift; path = DesktopSpace.swift; sourceTree = "<group>"; };
		F6487657401DC89FC3A96F24 /* iDeskTests.xctest */ = {isa = PBXFileReference; explicitFileType = wrapper.cfbundle; includeInIndex = 0; path = iDeskTests.xctest; sourceTree = BUILT_PRODUCTS_DIR; };
		FC011FC6F6CCFE3A0B41EDD6 /* HotkeyService.swift */ = {isa = PBXFileReference; lastKnownFileType = sourcecode.swift; path = HotkeyService.swift; sourceTree = "<group>"; };
/* End PBXFileReference section */

/* Begin PBXGroup section */
		0A6E843560B6D5703EC68F6B /* MenuBar */ = {
			isa = PBXGroup;
			children = (
				4ACF8B52CEA387665BE61DAF /* MenuBarController.swift */,
			);
			path = MenuBar;
			sourceTree = "<group>";
		};
		1E533C5AFF765B3962CAC482 = {
			isa = PBXGroup;
			children = (
				1F7F2A056B14AC67F32F907F /* Assets.xcassets */,
				EFAEDAAF536550DAB5233D7D /* Sources */,
				5FB7DF3B4D2E0EBDDF1F835C /* Tests */,
				CFD807E00009445F58DFBD49 /* Products */,
			);
			sourceTree = "<group>";
		};
		25502D7C322AF5CBF2A586DF /* iDeskTests */ = {
			isa = PBXGroup;
			children = (
				8A7A7E96900E853709BB14A5 /* DisplayTests.swift */,
				1D10503EF90AB11B89B40CE2 /* ModelTests.swift */,
				8093E45CB3BD34EBA1E7B456 /* StyleShotsTests.swift */,
				D6F78E2987AF4918DF67F5A3 /* ViewModelTests.swift */,
			);
			path = iDeskTests;
			sourceTree = "<group>";
		};
		288DC3375506877BBB6C1EEC /* Line */ = {
			isa = PBXGroup;
			children = (
				A06F0A0E3CFCB0C9738DA0C5 /* DesktopLineView.swift */,
				44FFF9899F5FD1023FC2C30C /* DesktopLineWindowController.swift */,
				6EAE7A3F3FCF61BD75C50ADF /* LineDecor.swift */,
				1671DB6288B6FADC375B2343 /* LineLayout.swift */,
			);
			path = Line;
			sourceTree = "<group>";
		};
		3CBFC7F2D40AA2648036DC66 /* Views */ = {
			isa = PBXGroup;
			children = (
				C3E6068940A4B04D137DA2F5 /* Banner */,
				98E7B74375E2512525063031 /* Dialogs */,
				288DC3375506877BBB6C1EEC /* Line */,
				0A6E843560B6D5703EC68F6B /* MenuBar */,
				F21DF8F6B58111EA70C40CE8 /* Settings */,
			);
			path = Views;
			sourceTree = "<group>";
		};
		5FB7DF3B4D2E0EBDDF1F835C /* Tests */ = {
			isa = PBXGroup;
			children = (
				25502D7C322AF5CBF2A586DF /* iDeskTests */,
			);
			path = Tests;
			sourceTree = "<group>";
		};
		63B49440A5D0B2EB38D7C971 /* App */ = {
			isa = PBXGroup;
			children = (
				79027971B93E930B448E9274 /* AppEnvironment.swift */,
				DB8D15CF07984CFF51C1D0C6 /* iDeskApp.swift */,
			);
			path = App;
			sourceTree = "<group>";
		};
		74C5C8EFA76A37E6887A7DCE /* ViewModels */ = {
			isa = PBXGroup;
			children = (
				E797793ED78832AC04E30D5A /* DesktopLineViewModel.swift */,
				1AA236B6FFFC9E12BA394FDB /* DesktopsViewModel.swift */,
				13D7AD787D50047176F8A372 /* DialogPresenting.swift */,
				3AEFC9ACC223422768344A35 /* DisplaysViewModel.swift */,
				5E6146540D4435868FCE474E /* MenuBarViewModel.swift */,
				54DFD0C9CBB74CD95CD8E34E /* NameBannerViewModel.swift */,
				30E7F219245FFB7133C33ED5 /* SettingsViewModel.swift */,
			);
			path = ViewModels;
			sourceTree = "<group>";
		};
		98E7B74375E2512525063031 /* Dialogs */ = {
			isa = PBXGroup;
			children = (
				63F4806F3926ACEC02661CDE /* AlertDialogs.swift */,
			);
			path = Dialogs;
			sourceTree = "<group>";
		};
		B5DB78BF07D7470C84BE3C54 /* Models */ = {
			isa = PBXGroup;
			children = (
				A9896F293510698889F9EAE8 /* AppLanguage.swift */,
				BF5FD985F10B41981F5095AD /* AppSettings.swift */,
				F1DDF90AE317E1D96B4B547D /* DesktopSpace.swift */,
				981FAEE8E37F1023997C7156 /* DisplayArrangement.swift */,
				9E0AA044D9D15F9D4099FB72 /* HangingDesktop.swift */,
			);
			path = Models;
			sourceTree = "<group>";
		};
		C3E6068940A4B04D137DA2F5 /* Banner */ = {
			isa = PBXGroup;
			children = (
				377E1A5D62CC7782337AB068 /* NameBannerView.swift */,
				2F869D4D4B269404C5B7F392 /* NameBannerWindowController.swift */,
			);
			path = Banner;
			sourceTree = "<group>";
		};
		CFD807E00009445F58DFBD49 /* Products */ = {
			isa = PBXGroup;
			children = (
				A71BFFBB494638C4A9C7F249 /* iDesk.app */,
				F6487657401DC89FC3A96F24 /* iDeskTests.xctest */,
			);
			name = Products;
			sourceTree = "<group>";
		};
		E9E8D0BDDD96921CF5A2DF2D /* Resources */ = {
			isa = PBXGroup;
			children = (
				7BCE51EA75804D869422EACA /* iDesk.entitlements */,
				AE6DB8BC75FFCE7684339CA3 /* Info.plist */,
				01D474CBC54E97564E3D803B /* Localizable.xcstrings */,
			);
			path = Resources;
			sourceTree = "<group>";
		};
		EFAEDAAF536550DAB5233D7D /* Sources */ = {
			isa = PBXGroup;
			children = (
				F60480F2EF5A0BA51A9C8823 /* iDesk */,
			);
			path = Sources;
			sourceTree = "<group>";
		};
		F21DF8F6B58111EA70C40CE8 /* Settings */ = {
			isa = PBXGroup;
			children = (
				6359D40E4C7E242025F75723 /* SettingsView.swift */,
				7F2D74D5633F32CA5D62D96D /* SettingsWindowController.swift */,
			);
			path = Settings;
			sourceTree = "<group>";
		};
		F60480F2EF5A0BA51A9C8823 /* iDesk */ = {
			isa = PBXGroup;
			children = (
				63B49440A5D0B2EB38D7C971 /* App */,
				B5DB78BF07D7470C84BE3C54 /* Models */,
				E9E8D0BDDD96921CF5A2DF2D /* Resources */,
				F7209176A5C1BABCC2D1FDDA /* Services */,
				74C5C8EFA76A37E6887A7DCE /* ViewModels */,
				3CBFC7F2D40AA2648036DC66 /* Views */,
			);
			path = iDesk;
			sourceTree = "<group>";
		};
		F7209176A5C1BABCC2D1FDDA /* Services */ = {
			isa = PBXGroup;
			children = (
				67509A81925C56DFBF535D36 /* AppRelauncher.swift */,
				069A1F228A68152BE101ADB4 /* DisplayService.swift */,
				FC011FC6F6CCFE3A0B41EDD6 /* HotkeyService.swift */,
				0674A5583CBAAB5520694A27 /* LaunchAtLoginService.swift */,
				3C51D6E89BE60C3B684F85E8 /* MissionControlService.swift */,
				7B28030487776378B0A30828 /* PermissionService.swift */,
				81F4C3A8DD042712C1F918C0 /* SettingsStore.swift */,
				43927FE3C0CB0FBE9E292467 /* SpaceService.swift */,
				69D87198D39E012F2F7757F9 /* SpaceSwitcher.swift */,
				77B72D15FC17ECF7FE798EA1 /* ThumbnailStore.swift */,
			);
			path = Services;
			sourceTree = "<group>";
		};
/* End PBXGroup section */

/* Begin PBXNativeTarget section */
		3B4000E48B4C588624506AF6 /* iDeskTests */ = {
			isa = PBXNativeTarget;
			buildConfigurationList = F52DFA930D1758EA580C2258 /* Build configuration list for PBXNativeTarget "iDeskTests" */;
			buildPhases = (
				448275DDBECBA733B7EFCB29 /* Sources */,
			);
			buildRules = (
			);
			dependencies = (
				2B5ED99F3D245723E9BF8A6F /* PBXTargetDependency */,
			);
			name = iDeskTests;
			packageProductDependencies = (
			);
			productName = iDeskTests;
			productReference = F6487657401DC89FC3A96F24 /* iDeskTests.xctest */;
			productType = "com.apple.product-type.bundle.unit-test";
		};
		713D333F85E2B775F6B50101 /* iDesk */ = {
			isa = PBXNativeTarget;
			buildConfigurationList = B0D172B3E7591F5198D875C1 /* Build configuration list for PBXNativeTarget "iDesk" */;
			buildPhases = (
				231C29578A86144569316260 /* Sources */,
				F2AFE24B9A172590CD45F538 /* Resources */,
			);
			buildRules = (
			);
			dependencies = (
			);
			name = iDesk;
			packageProductDependencies = (
			);
			productName = iDesk;
			productReference = A71BFFBB494638C4A9C7F249 /* iDesk.app */;
			productType = "com.apple.product-type.application";
		};
/* End PBXNativeTarget section */

/* Begin PBXProject section */
		C9ACCA1A95C6AF8D11234CC3 /* Project object */ = {
			isa = PBXProject;
			attributes = {
				BuildIndependentTargetsInParallel = YES;
				LastUpgradeCheck = 1430;
				TargetAttributes = {
					3B4000E48B4C588624506AF6 = {
						DevelopmentTeam = TXD67UY7X2;
						ProvisioningStyle = Automatic;
					};
					713D333F85E2B775F6B50101 = {
						DevelopmentTeam = TXD67UY7X2;
						ProvisioningStyle = Automatic;
					};
				};
			};
			buildConfigurationList = 89C2F24364864AF36999398C /* Build configuration list for PBXProject "iDesk" */;
			developmentRegion = en;
			hasScannedForEncodings = 0;
			knownRegions = (
				Base,
				en,
				vi,
			);
			mainGroup = 1E533C5AFF765B3962CAC482;
			minimizedProjectReferenceProxies = 1;
			preferredProjectObjectVersion = 77;
			productRefGroup = CFD807E00009445F58DFBD49 /* Products */;
			projectDirPath = "";
			projectRoot = "";
			targets = (
				713D333F85E2B775F6B50101 /* iDesk */,
				3B4000E48B4C588624506AF6 /* iDeskTests */,
			);
		};
/* End PBXProject section */

/* Begin PBXResourcesBuildPhase section */
		F2AFE24B9A172590CD45F538 /* Resources */ = {
			isa = PBXResourcesBuildPhase;
			buildActionMask = 2147483647;
			files = (
				E6B111D0EF08EBC47CCC9177 /* Assets.xcassets in Resources */,
				E391A7C856408A51343EAB18 /* Localizable.xcstrings in Resources */,
			);
			runOnlyForDeploymentPostprocessing = 0;
		};
/* End PBXResourcesBuildPhase section */

/* Begin PBXSourcesBuildPhase section */
		231C29578A86144569316260 /* Sources */ = {
			isa = PBXSourcesBuildPhase;
			buildActionMask = 2147483647;
			files = (
				A6D0ED322CA7D4B0D648C12E /* AlertDialogs.swift in Sources */,
				8C3378B4D44C278763B23B03 /* AppEnvironment.swift in Sources */,
				9C3C46D6E7B1962BB0B42628 /* AppLanguage.swift in Sources */,
				0D8E435B05E5727EFF183AD2 /* AppRelauncher.swift in Sources */,
				83D981BD4BECF181F4F48DEA /* AppSettings.swift in Sources */,
				A793F5D1A0653FA0F39596AC /* DesktopLineView.swift in Sources */,
				EA757D56E5EB6D3239805F54 /* DesktopLineViewModel.swift in Sources */,
				CA8EF01C7E679801D90817F6 /* DesktopLineWindowController.swift in Sources */,
				6A985B32960FAFADF42BF9E6 /* DesktopSpace.swift in Sources */,
				EC7E3D5C82AA0FCAD7834D99 /* DesktopsViewModel.swift in Sources */,
				EB7E88C5B5DF8E2448F2D935 /* DialogPresenting.swift in Sources */,
				B4D873450792455F08E603F5 /* DisplayArrangement.swift in Sources */,
				D5005F2C12331DB9CA900B15 /* DisplayService.swift in Sources */,
				EDEF6078456C48B828BFB83A /* DisplaysViewModel.swift in Sources */,
				9602A8000FBDADE74455F7FD /* HangingDesktop.swift in Sources */,
				D58AD206AC08A34D952E0DBF /* HotkeyService.swift in Sources */,
				F75A8B6677E94EE6B8BC7102 /* LaunchAtLoginService.swift in Sources */,
				66D439936390E9376A1D78D6 /* LineDecor.swift in Sources */,
				4B11DD1519848DC034C1E211 /* LineLayout.swift in Sources */,
				1EC90A736D9CF45F2430B1FB /* MenuBarController.swift in Sources */,
				3369949D8F0EE4FBC1CB7EBF /* MenuBarViewModel.swift in Sources */,
				1A06212A55CD2A1A255BB8D0 /* MissionControlService.swift in Sources */,
				458BB8D3D303A8E834632C5B /* NameBannerView.swift in Sources */,
				BACB1A5F8F9F325854E64B15 /* NameBannerViewModel.swift in Sources */,
				8B4CF171517EEB3A685A48A7 /* NameBannerWindowController.swift in Sources */,
				2C1A2A57F63816AC28FF3F81 /* PermissionService.swift in Sources */,
				B5BEA68A6D101E8546886778 /* SettingsStore.swift in Sources */,
				1CC29228ED5D2FFBCB78D8DB /* SettingsView.swift in Sources */,
				CE38BB3D1BFD02A6ED6579F7 /* SettingsViewModel.swift in Sources */,
				8C51F456BC4F103147F30C52 /* SettingsWindowController.swift in Sources */,
				6C89CDAC44EF17C6114F4BBC /* SpaceService.swift in Sources */,
				9E268212CA56D686C59EE497 /* SpaceSwitcher.swift in Sources */,
				172787729EA1EC1858A2701F /* ThumbnailStore.swift in Sources */,
				5F7CE50C5442863E0FA3CF0D /* iDeskApp.swift in Sources */,
			);
			runOnlyForDeploymentPostprocessing = 0;
		};
		448275DDBECBA733B7EFCB29 /* Sources */ = {
			isa = PBXSourcesBuildPhase;
			buildActionMask = 2147483647;
			files = (
				EE50DAB0B548118B52588F88 /* DisplayTests.swift in Sources */,
				E69D3E2F027C4FC88F8E7DF7 /* ModelTests.swift in Sources */,
				F395388399715D59B5B542C3 /* StyleShotsTests.swift in Sources */,
				B813B76CE5498A51BECDE857 /* ViewModelTests.swift in Sources */,
			);
			runOnlyForDeploymentPostprocessing = 0;
		};
/* End PBXSourcesBuildPhase section */

/* Begin PBXTargetDependency section */
		2B5ED99F3D245723E9BF8A6F /* PBXTargetDependency */ = {
			isa = PBXTargetDependency;
			target = 713D333F85E2B775F6B50101 /* iDesk */;
			targetProxy = 4D93ECE0F2EE8A453B51B864 /* PBXContainerItemProxy */;
		};
/* End PBXTargetDependency section */

/* Begin XCBuildConfiguration section */
		0CDE359DF2B30EE763EAC322 /* Debug */ = {
			isa = XCBuildConfiguration;
			buildSettings = {
				ASSETCATALOG_COMPILER_APPICON_NAME = AppIcon;
				CODE_SIGN_ENTITLEMENTS = Sources/iDesk/Resources/iDesk.entitlements;
				COMBINE_HIDPI_IMAGES = YES;
				GENERATE_INFOPLIST_FILE = NO;
				INFOPLIST_FILE = Sources/iDesk/Resources/Info.plist;
				LD_RUNPATH_SEARCH_PATHS = (
					"$(inherited)",
					"@executable_path/../Frameworks",
				);
				LOCALIZATION_PREFERS_STRING_CATALOGS = YES;
				PRODUCT_BUNDLE_IDENTIFIER = dev.idesk.app;
				PRODUCT_NAME = iDesk;
				SDKROOT = macosx;
				SWIFT_EMIT_LOC_STRINGS = YES;
			};
			name = Debug;
		};
		1C7CCF49C9B871E6C6C0B4A5 /* Release */ = {
			isa = XCBuildConfiguration;
			buildSettings = {
				BUNDLE_LOADER = "$(TEST_HOST)";
				COMBINE_HIDPI_IMAGES = YES;
				LD_RUNPATH_SEARCH_PATHS = (
					"$(inherited)",
					"@executable_path/../Frameworks",
					"@loader_path/../Frameworks",
				);
				PRODUCT_BUNDLE_IDENTIFIER = dev.idesk.iDeskTests;
				SDKROOT = macosx;
				TEST_HOST = "$(BUILT_PRODUCTS_DIR)/iDesk.app/Contents/MacOS/iDesk";
			};
			name = Release;
		};
		35CC5CF952D69188EA846A1E /* Debug */ = {
			isa = XCBuildConfiguration;
			buildSettings = {
				BUNDLE_LOADER = "$(TEST_HOST)";
				COMBINE_HIDPI_IMAGES = YES;
				LD_RUNPATH_SEARCH_PATHS = (
					"$(inherited)",
					"@executable_path/../Frameworks",
					"@loader_path/../Frameworks",
				);
				PRODUCT_BUNDLE_IDENTIFIER = dev.idesk.iDeskTests;
				SDKROOT = macosx;
				TEST_HOST = "$(BUILT_PRODUCTS_DIR)/iDesk.app/Contents/MacOS/iDesk";
			};
			name = Debug;
		};
		56CB48941103894AF91DF053 /* Release */ = {
			isa = XCBuildConfiguration;
			buildSettings = {
				ALWAYS_SEARCH_USER_PATHS = NO;
				CLANG_ANALYZER_NONNULL = YES;
				CLANG_ANALYZER_NUMBER_OBJECT_CONVERSION = YES_AGGRESSIVE;
				CLANG_CXX_LANGUAGE_STANDARD = "gnu++14";
				CLANG_CXX_LIBRARY = "libc++";
				CLANG_ENABLE_MODULES = YES;
				CLANG_ENABLE_OBJC_ARC = YES;
				CLANG_ENABLE_OBJC_WEAK = YES;
				CLANG_WARN_BLOCK_CAPTURE_AUTORELEASING = YES;
				CLANG_WARN_BOOL_CONVERSION = YES;
				CLANG_WARN_COMMA = YES;
				CLANG_WARN_CONSTANT_CONVERSION = YES;
				CLANG_WARN_DEPRECATED_OBJC_IMPLEMENTATIONS = YES;
				CLANG_WARN_DIRECT_OBJC_ISA_USAGE = YES_ERROR;
				CLANG_WARN_DOCUMENTATION_COMMENTS = YES;
				CLANG_WARN_EMPTY_BODY = YES;
				CLANG_WARN_ENUM_CONVERSION = YES;
				CLANG_WARN_INFINITE_RECURSION = YES;
				CLANG_WARN_INT_CONVERSION = YES;
				CLANG_WARN_NON_LITERAL_NULL_CONVERSION = YES;
				CLANG_WARN_OBJC_IMPLICIT_RETAIN_SELF = YES;
				CLANG_WARN_OBJC_LITERAL_CONVERSION = YES;
				CLANG_WARN_OBJC_ROOT_CLASS = YES_ERROR;
				CLANG_WARN_QUOTED_INCLUDE_IN_FRAMEWORK_HEADER = YES;
				CLANG_WARN_RANGE_LOOP_ANALYSIS = YES;
				CLANG_WARN_STRICT_PROTOTYPES = YES;
				CLANG_WARN_SUSPICIOUS_MOVE = YES;
				CLANG_WARN_UNGUARDED_AVAILABILITY = YES_AGGRESSIVE;
				CLANG_WARN_UNREACHABLE_CODE = YES;
				CLANG_WARN__DUPLICATE_METHOD_MATCH = YES;
				CODE_SIGN_STYLE = Automatic;
				COPY_PHASE_STRIP = NO;
				DEBUG_INFORMATION_FORMAT = "dwarf-with-dsym";
				DEVELOPMENT_TEAM = TXD67UY7X2;
				ENABLE_HARDENED_RUNTIME = YES;
				ENABLE_NS_ASSERTIONS = NO;
				ENABLE_STRICT_OBJC_MSGSEND = YES;
				GCC_C_LANGUAGE_STANDARD = gnu11;
				GCC_NO_COMMON_BLOCKS = YES;
				GCC_WARN_64_TO_32_BIT_CONVERSION = YES;
				GCC_WARN_ABOUT_RETURN_TYPE = YES_ERROR;
				GCC_WARN_UNDECLARED_SELECTOR = YES;
				GCC_WARN_UNINITIALIZED_AUTOS = YES_AGGRESSIVE;
				GCC_WARN_UNUSED_FUNCTION = YES;
				GCC_WARN_UNUSED_VARIABLE = YES;
				MACOSX_DEPLOYMENT_TARGET = 14.0;
				MTL_ENABLE_DEBUG_INFO = NO;
				MTL_FAST_MATH = YES;
				PRODUCT_NAME = "$(TARGET_NAME)";
				SDKROOT = macosx;
				SWIFT_COMPILATION_MODE = wholemodule;
				SWIFT_OPTIMIZATION_LEVEL = "-O";
				SWIFT_VERSION = 5.0;
			};
			name = Release;
		};
		96CDDBFE1168A2EE2B7DF755 /* Debug */ = {
			isa = XCBuildConfiguration;
			buildSettings = {
				ALWAYS_SEARCH_USER_PATHS = NO;
				CLANG_ANALYZER_NONNULL = YES;
				CLANG_ANALYZER_NUMBER_OBJECT_CONVERSION = YES_AGGRESSIVE;
				CLANG_CXX_LANGUAGE_STANDARD = "gnu++14";
				CLANG_CXX_LIBRARY = "libc++";
				CLANG_ENABLE_MODULES = YES;
				CLANG_ENABLE_OBJC_ARC = YES;
				CLANG_ENABLE_OBJC_WEAK = YES;
				CLANG_WARN_BLOCK_CAPTURE_AUTORELEASING = YES;
				CLANG_WARN_BOOL_CONVERSION = YES;
				CLANG_WARN_COMMA = YES;
				CLANG_WARN_CONSTANT_CONVERSION = YES;
				CLANG_WARN_DEPRECATED_OBJC_IMPLEMENTATIONS = YES;
				CLANG_WARN_DIRECT_OBJC_ISA_USAGE = YES_ERROR;
				CLANG_WARN_DOCUMENTATION_COMMENTS = YES;
				CLANG_WARN_EMPTY_BODY = YES;
				CLANG_WARN_ENUM_CONVERSION = YES;
				CLANG_WARN_INFINITE_RECURSION = YES;
				CLANG_WARN_INT_CONVERSION = YES;
				CLANG_WARN_NON_LITERAL_NULL_CONVERSION = YES;
				CLANG_WARN_OBJC_IMPLICIT_RETAIN_SELF = YES;
				CLANG_WARN_OBJC_LITERAL_CONVERSION = YES;
				CLANG_WARN_OBJC_ROOT_CLASS = YES_ERROR;
				CLANG_WARN_QUOTED_INCLUDE_IN_FRAMEWORK_HEADER = YES;
				CLANG_WARN_RANGE_LOOP_ANALYSIS = YES;
				CLANG_WARN_STRICT_PROTOTYPES = YES;
				CLANG_WARN_SUSPICIOUS_MOVE = YES;
				CLANG_WARN_UNGUARDED_AVAILABILITY = YES_AGGRESSIVE;
				CLANG_WARN_UNREACHABLE_CODE = YES;
				CLANG_WARN__DUPLICATE_METHOD_MATCH = YES;
				CODE_SIGN_STYLE = Automatic;
				COPY_PHASE_STRIP = NO;
				DEBUG_INFORMATION_FORMAT = dwarf;
				DEVELOPMENT_TEAM = TXD67UY7X2;
				ENABLE_HARDENED_RUNTIME = YES;
				ENABLE_STRICT_OBJC_MSGSEND = YES;
				ENABLE_TESTABILITY = YES;
				GCC_C_LANGUAGE_STANDARD = gnu11;
				GCC_DYNAMIC_NO_PIC = NO;
				GCC_NO_COMMON_BLOCKS = YES;
				GCC_OPTIMIZATION_LEVEL = 0;
				GCC_PREPROCESSOR_DEFINITIONS = (
					"$(inherited)",
					"DEBUG=1",
				);
				GCC_WARN_64_TO_32_BIT_CONVERSION = YES;
				GCC_WARN_ABOUT_RETURN_TYPE = YES_ERROR;
				GCC_WARN_UNDECLARED_SELECTOR = YES;
				GCC_WARN_UNINITIALIZED_AUTOS = YES_AGGRESSIVE;
				GCC_WARN_UNUSED_FUNCTION = YES;
				GCC_WARN_UNUSED_VARIABLE = YES;
				MACOSX_DEPLOYMENT_TARGET = 14.0;
				MTL_ENABLE_DEBUG_INFO = INCLUDE_SOURCE;
				MTL_FAST_MATH = YES;
				ONLY_ACTIVE_ARCH = YES;
				PRODUCT_NAME = "$(TARGET_NAME)";
				SDKROOT = macosx;
				SWIFT_ACTIVE_COMPILATION_CONDITIONS = DEBUG;
				SWIFT_OPTIMIZATION_LEVEL = "-Onone";
				SWIFT_VERSION = 5.0;
			};
			name = Debug;
		};
		9DF6059204D64848782EB025 /* Release */ = {
			isa = XCBuildConfiguration;
			buildSettings = {
				ASSETCATALOG_COMPILER_APPICON_NAME = AppIcon;
				CODE_SIGN_ENTITLEMENTS = Sources/iDesk/Resources/iDesk.entitlements;
				COMBINE_HIDPI_IMAGES = YES;
				GENERATE_INFOPLIST_FILE = NO;
				INFOPLIST_FILE = Sources/iDesk/Resources/Info.plist;
				LD_RUNPATH_SEARCH_PATHS = (
					"$(inherited)",
					"@executable_path/../Frameworks",
				);
				LOCALIZATION_PREFERS_STRING_CATALOGS = YES;
				PRODUCT_BUNDLE_IDENTIFIER = dev.idesk.app;
				PRODUCT_NAME = iDesk;
				SDKROOT = macosx;
				SWIFT_EMIT_LOC_STRINGS = YES;
			};
			name = Release;
		};
/* End XCBuildConfiguration section */

/* Begin XCConfigurationList section */
		89C2F24364864AF36999398C /* Build configuration list for PBXProject "iDesk" */ = {
			isa = XCConfigurationList;
			buildConfigurations = (
				96CDDBFE1168A2EE2B7DF755 /* Debug */,
				56CB48941103894AF91DF053 /* Release */,
			);
			defaultConfigurationIsVisible = 0;
			defaultConfigurationName = Debug;
		};
		B0D172B3E7591F5198D875C1 /* Build configuration list for PBXNativeTarget "iDesk" */ = {
			isa = XCConfigurationList;
			buildConfigurations = (
				0CDE359DF2B30EE763EAC322 /* Debug */,
				9DF6059204D64848782EB025 /* Release */,
			);
			defaultConfigurationIsVisible = 0;
			defaultConfigurationName = Debug;
		};
		F52DFA930D1758EA580C2258 /* Build configuration list for PBXNativeTarget "iDeskTests" */ = {
			isa = XCConfigurationList;
			buildConfigurations = (
				35CC5CF952D69188EA846A1E /* Debug */,
				1C7CCF49C9B871E6C6C0B4A5 /* Release */,
			);
			defaultConfigurationIsVisible = 0;
			defaultConfigurationName = Debug;
		};
/* End XCConfigurationList section */
	};
	rootObject = C9ACCA1A95C6AF8D11234CC3 /* Project object */;
}
